
Microsoft Visual Studio Solution File, Format Version 12.00
# Visual Studio Version 17
VisualStudioVersion = 17.3.32804.467
MinimumVisualStudioVersion = 10.0.40219.1
Project("{9A19103F-16F7-4668-BE54-9A1E7A4F7556}") = "Milyoncu.API", "Milyoncu\Milyoncu.API.csproj", "{EB58633B-67CC-4865-8FF8-D5EE6734E97B}"
EndProject
Project("{9A19103F-16F7-4668-BE54-9A1E7A4F7556}") = "Milyoncu.Entity", "Milyoncu.Entity\Milyoncu.Entity.csproj", "{62CD62F6-D258-4C46-9B71-50730D14451C}"
EndProject
Project("{9A19103F-16F7-4668-BE54-9A1E7A4F7556}") = "Milyoncu.Core", "Milyoncu.Core\Milyoncu.Core.csproj", "{076D80DE-8E71-4F6B-B5CE-79D9BB8F981A}"
EndProject
Project("{9A19103F-16F7-4668-BE54-9A1E7A4F7556}") = "Milyoncu.Dal", "Milyoncu.Dal\Milyoncu.Dal.csproj", "{AC08AC8A-7A67-4A98-8244-BBB448ADFB1C}"
EndProject
Project("{9A19103F-16F7-4668-BE54-9A1E7A4F7556}") = "Milyoncu.Dto", "Milyoncu.Dto\Milyoncu.Dto.csproj", "{C114D56B-8D56-4065-A49E-1E3857C140B0}"
EndProject
Project("{9A19103F-16F7-4668-BE54-9A1E7A4F7556}") = "Milyoncu.Repos", "Milyoncu.Repos\Milyoncu.Repos.csproj", "{22F4DAE7-6CA2-4341-89B9-6D076BEFE714}"
EndProject
Project("{9A19103F-16F7-4668-BE54-9A1E7A4F7556}") = "Milyoncu.Uow", "Milyoncu.Uow\Milyoncu.Uow.csproj", "{268BCBF6-B52A-402D-B79D-427B89AEAFA7}"
EndProject
Project("{FAE04EC0-301F-11D3-BF4B-00C04F79EFBC}") = "Milyoncu.UI", "Milyoncu.UI\Milyoncu.UI.csproj", "{50E30088-DF9F-4C7F-8ADC-A7939CC2AD8D}"
EndProject
Global
	GlobalSection(SolutionConfigurationPlatforms) = preSolution
		Debug|Any CPU = Debug|Any CPU
		Release|Any CPU = Release|Any CPU
	EndGlobalSection
	GlobalSection(ProjectConfigurationPlatforms) = postSolution
		{EB58633B-67CC-4865-8FF8-D5EE6734E97B}.Debug|Any CPU.ActiveCfg = Debug|Any CPU
		{EB58633B-67CC-4865-8FF8-D5EE6734E97B}.Debug|Any CPU.Build.0 = Debug|Any CPU
		{EB58633B-67CC-4865-8FF8-D5EE6734E97B}.Release|Any CPU.ActiveCfg = Release|Any CPU
		{EB58633B-67CC-4865-8FF8-D5EE6734E97B}.Release|Any CPU.Build.0 = Release|Any CPU
		{62CD62F6-D258-4C46-9B71-50730D14451C}.Debug|Any CPU.ActiveCfg = Debug|Any CPU
		{62CD62F6-D258-4C46-9B71-50730D14451C}.Debug|Any CPU.Build.0 = Debug|Any CPU
		{62CD62F6-D258-4C46-9B71-50730D14451C}.Release|Any CPU.ActiveCfg = Release|Any CPU
		{62CD62F6-D258-4C46-9B71-50730D14451C}.Release|Any CPU.Build.0 = Release|Any CPU
		{076D80DE-8E71-4F6B-B5CE-79D9BB8F981A}.Debug|Any CPU.ActiveCfg = Debug|Any CPU
		{076D80DE-8E71-4F6B-B5CE-79D9BB8F981A}.Debug|Any CPU.Build.0 = Debug|Any CPU
		{076D80DE-8E71-4F6B-B5CE-79D9BB8F981A}.Release|Any CPU.ActiveCfg = Release|Any CPU
		{076D80DE-8E71-4F6B-B5CE-79D9BB8F981A}.Release|Any CPU.Build.0 = Release|Any CPU
		{AC08AC8A-7A67-4A98-8244-BBB448ADFB1C}.Debug|Any CPU.ActiveCfg = Debug|Any CPU
		{AC08AC8A-7A67-4A98-8244-BBB448ADFB1C}.Debug|Any CPU.Build.0 = Debug|Any CPU
		{AC08AC8A-7A67-4A98-8244-BBB448ADFB1C}.Release|Any CPU.ActiveCfg = Release|Any CPU
		{AC08AC8A-7A67-4A98-8244-BBB448ADFB1C}.Release|Any CPU.Build.0 = Release|Any CPU
		{C114D56B-8D56-4065-A49E-1E3857C140B0}.Debug|Any CPU.ActiveCfg = Debug|Any CPU
		{C114D56B-8D56-4065-A49E-1E3857C140B0}.Debug|Any CPU.Build.0 = Debug|Any CPU
		{C114D56B-8D56-4065-A49E-1E3857C140B0}.Release|Any CPU.ActiveCfg = Release|Any CPU
		{C114D56B-8D56-4065-A49E-1E3857C140B0}.Release|Any CPU.Build.0 = Release|Any CPU
		{22F4DAE7-6CA2-4341-89B9-6D076BEFE714}.Debug|Any CPU.ActiveCfg = Debug|Any CPU
		{22F4DAE7-6CA2-4341-89B9-6D076BEFE714}.Debug|Any CPU.Build.0 = Debug|Any CPU
		{22F4DAE7-6CA2-4341-89B9-6D076BEFE714}.Release|Any CPU.ActiveCfg = Release|Any CPU
		{22F4DAE7-6CA2-4341-89B9-6D076BEFE714}.Release|Any CPU.Build.0 = Release|Any CPU
		{268BCBF6-B52A-402D-B79D-427B89AEAFA7}.Debug|Any CPU.ActiveCfg = Debug|Any CPU
		{268BCBF6-B52A-402D-B79D-427B89AEAFA7}.Debug|Any CPU.Build.0 = Debug|Any CPU
		{268BCBF6-B52A-402D-B79D-427B89AEAFA7}.Release|Any CPU.ActiveCfg = Release|Any CPU
		{268BCBF6-B52A-402D-B79D-427B89AEAFA7}.Release|Any CPU.Build.0 = Release|Any CPU
		{50E30088-DF9F-4C7F-8ADC-A7939CC2AD8D}.Debug|Any CPU.ActiveCfg = Debug|Any CPU
		{50E30088-DF9F-4C7F-8ADC-A7939CC2AD8D}.Debug|Any CPU.Build.0 = Debug|Any CPU
		{50E30088-DF9F-4C7F-8ADC-A7939CC2AD8D}.Release|Any CPU.ActiveCfg = Release|Any CPU
		{50E30088-DF9F-4C7F-8ADC-A7939CC2AD8D}.Release|Any CPU.Build.0 = Release|Any CPU
	EndGlobalSection
	GlobalSection(SolutionProperties) = preSolution
		HideSolutionNode = FALSE
	EndGlobalSection
	GlobalSection(ExtensibilityGlobals) = postSolution
		SolutionGuid = {6419D8AC-4237-4064-8027-DB6A729A5B7E}
	EndGlobalSection
EndGlobal
